
Microsoft Visual Studio Solution File, Format Version 12.00
# Visual Studio Version 17
VisualStudioVersion = 17.9.34723.18
MinimumVisualStudioVersion = 10.0.40219.1
Project("{FAE04EC0-301F-11D3-BF4B-00C04F79EFBC}") = "MyGame", "MyGame\MyGame.csproj", "{F03C66BF-A72B-40A0-9BDD-652F2DA121FE}"
EndProject
Project("{FAE04EC0-301F-11D3-BF4B-00C04F79EFBC}") = "MyGameContent", "MyGameContent\MyGameContent.csproj", "{281BE8FC-21BE-45F9-BA93-2D8C4CC722EB}"
EndProject
Global
	GlobalSection(SolutionConfigurationPlatforms) = preSolution
		Debug|Any CPU = Debug|Any CPU
		Release|Any CPU = Release|Any CPU
	EndGlobalSection
	GlobalSection(ProjectConfigurationPlatforms) = postSolution
		{F03C66BF-A72B-40A0-9BDD-652F2DA121FE}.Debug|Any CPU.ActiveCfg = Debug|Any CPU
		{F03C66BF-A72B-40A0-9BDD-652F2DA121FE}.Debug|Any CPU.Build.0 = Debug|Any CPU
		{F03C66BF-A72B-40A0-9BDD-652F2DA121FE}.Release|Any CPU.ActiveCfg = Release|Any CPU
		{F03C66BF-A72B-40A0-9BDD-652F2DA121FE}.Release|Any CPU.Build.0 = Release|Any CPU
		{281BE8FC-21BE-45F9-BA93-2D8C4CC722EB}.Debug|Any CPU.ActiveCfg = Debug|Any CPU
		{281BE8FC-21BE-45F9-BA93-2D8C4CC722EB}.Debug|Any CPU.Build.0 = Debug|Any CPU
		{281BE8FC-21BE-45F9-BA93-2D8C4CC722EB}.Release|Any CPU.ActiveCfg = Release|Any CPU
		{281BE8FC-21BE-45F9-BA93-2D8C4CC722EB}.Release|Any CPU.Build.0 = Release|Any CPU
	EndGlobalSection
	GlobalSection(SolutionProperties) = preSolution
		HideSolutionNode = FALSE
	EndGlobalSection
	GlobalSection(ExtensibilityGlobals) = postSolution
		SolutionGuid = {6C1B5912-3811-4687-B239-43557754DD70}
	EndGlobalSection
EndGlobal
